# This file is automatically @generated by Poetry 1.7.1 and should not be changed by hand.

[[package]]
name = "asgiref"
version = "3.7.2"
description = "ASGI specs, helper code, and adapters"
optional = false
python-versions = ">=3.7"
files = [
    {file = "asgiref-3.7.2-py3-none-any.whl", hash = "sha256:89b2ef2247e3b562a16eef663bc0e2e703ec6468e2fa8a5cd61cd449786d4f6e"},
    {file = "asgiref-3.7.2.tar.gz", hash = "sha256:9e0ce3aa93a819ba5b45120216b23878cf6e8525eb3848653452b4192b92afed"},
]

[package.dependencies]
typing-extensions = {version = ">=4", markers = "python_version < \"3.11\""}

[package.extras]
tests = ["mypy (>=0.800)", "pytest", "pytest-asyncio"]

[[package]]
name = "django"
version = "5.0.1"
description = "A high-level Python web framework that encourages rapid development and clean, pragmatic design."
optional = false
python-versions = ">=3.10"
files = [
    {file = "Django-5.0.1-py3-none-any.whl", hash = "sha256:f47a37a90b9bbe2c8ec360235192c7fddfdc832206fcf618bb849b39256affc1"},
    {file = "Django-5.0.1.tar.gz", hash = "sha256:8c8659665bc6e3a44fefe1ab0a291e5a3fb3979f9a8230be29de975e57e8f854"},
]

[package.dependencies]
asgiref = ">=3.7.0,<4"
sqlparse = ">=0.3.1"
tzdata = {version = "*", markers = "sys_platform == \"win32\""}

[package.extras]
argon2 = ["argon2-cffi (>=19.1.0)"]
bcrypt = ["bcrypt"]

[[package]]
name = "mysqlclient"
version = "2.2.3"
description = "Python interface to MySQL"
optional = false
python-versions = ">=3.8"
files = [
    {file = "mysqlclient-2.2.3-cp310-cp310-win_amd64.whl", hash = "sha256:5a5451b3eea2a2a3316b2b432c89f25b1a28b986aa924a04aca659ad454e9a5f"},
    {file = "mysqlclient-2.2.3-cp311-cp311-win_amd64.whl", hash = "sha256:2fa388cf076d3fee010d7094ca979fc8236988159c762becfea4d42cd56e6580"},
    {file = "mysqlclient-2.2.3-cp312-cp312-win_amd64.whl", hash = "sha256:c37a7f641fa2e0582bf6808851dc4b82736b61ccb39e1607e59dce797db3f6c5"},
    {file = "mysqlclient-2.2.3-cp38-cp38-win_amd64.whl", hash = "sha256:c79740385d9df70606e87dade197c5fce5c0d22c0e5c40cd048cfa693daa0e7b"},
    {file = "mysqlclient-2.2.3-cp39-cp39-win_amd64.whl", hash = "sha256:7d74de2fa08dc7483b5ec82e130fde6d965f53c9ac6bf678f6d6c362c952b8b6"},
    {file = "mysqlclient-2.2.3-pp310-pypy310_pp73-win_amd64.whl", hash = "sha256:90164463c0bda46ebe9f8ca2b7ec502ff915ab1c23af54bdf60997fc4c59e47c"},
    {file = "mysqlclient-2.2.3-pp38-pypy38_pp73-win_amd64.whl", hash = "sha256:8b34574bceb548ac94a31c8cc1f67d454f414e5dee240dd29ad0e09405756638"},
    {file = "mysqlclient-2.2.3-pp39-pypy39_pp73-win_amd64.whl", hash = "sha256:a47d266820fb8da26582cddc98ded1546edc7a0def556b0ca8de4a1a7dd8505c"},
    {file = "mysqlclient-2.2.3.tar.gz", hash = "sha256:ee51656e36fc5a92920b807ee8b9e373e3b0e267c89cdc95d73b1dbe46863631"},
]

[[package]]
name = "sqlparse"
version = "0.4.4"
description = "A non-validating SQL parser."
optional = false
python-versions = ">=3.5"
files = [
    {file = "sqlparse-0.4.4-py3-none-any.whl", hash = "sha256:5430a4fe2ac7d0f93e66f1efc6e1338a41884b7ddf2a350cedd20ccc4d9d28f3"},
    {file = "sqlparse-0.4.4.tar.gz", hash = "sha256:d446183e84b8349fa3061f0fe7f06ca94ba65b426946ffebe6e3e8295332420c"},
]

[package.extras]
dev = ["build", "flake8"]
doc = ["sphinx"]
test = ["pytest", "pytest-cov"]

[[package]]
name = "typing-extensions"
version = "4.9.0"
description = "Backported and Experimental Type Hints for Python 3.8+"
optional = false
python-versions = ">=3.8"
files = [
    {file = "typing_extensions-4.9.0-py3-none-any.whl", hash = "sha256:af72aea155e91adfc61c3ae9e0e342dbc0cba726d6cba4b6c72c1f34e47291cd"},
    {file = "typing_extensions-4.9.0.tar.gz", hash = "sha256:23478f88c37f27d76ac8aee6c905017a143b0b1b886c3c9f66bc2fd94f9f5783"},
]

[[package]]
name = "tzdata"
version = "2023.4"
description = "Provider of IANA time zone data"
optional = false
python-versions = ">=2"
files = [
    {file = "tzdata-2023.4-py2.py3-none-any.whl", hash = "sha256:aa3ace4329eeacda5b7beb7ea08ece826c28d761cda36e747cfbf97996d39bf3"},
    {file = "tzdata-2023.4.tar.gz", hash = "sha256:dd54c94f294765522c77399649b4fefd95522479a664a0cec87f41bebc6148c9"},
]

[metadata]
lock-version = "2.0"
python-versions = ">=3.10,<3.12"
content-hash = "9d9d0dd1d866c4877a02a49a35f137e4bb90887b42ea31a054506c82fbaca945"
